# This file is automatically @generated by Cargo.
# It is not intended for manual editing.
[[package]]
name = "cc"
version = "1.0.61"
source = "registry+https://github.com/rust-lang/crates.io-index"
checksum = "ed67cbde08356238e75fc4656be4749481eeffb09e19f320a25237d5221c985d"

[[package]]
name = "cmake"
version = "0.1.44"
source = "registry+https://github.com/rust-lang/crates.io-index"
checksum = "0e56268c17a6248366d66d4a47a3381369d068cce8409bb1716ed77ea32163bb"
dependencies = [
 "cc",
]

[[package]]
name = "libc"
version = "0.2.79"
source = "registry+https://github.com/rust-lang/crates.io-index"
checksum = "2448f6066e80e3bfc792e9c98bf705b4b0fc6e8ef5b43e5889aff0eaa9c58743"

[[package]]
name = "libmimalloc-sys"
version = "0.1.18"
source = "registry+https://github.com/rust-lang/crates.io-index"
checksum = "82151ff13433c4d403cb15d0e6fbda14b24d65bd1a5b33f7d52ec983cc00752d"
dependencies = [
 "cmake",
]

[[package]]
name = "mimalloc"
version = "0.1.22"
source = "registry+https://github.com/rust-lang/crates.io-index"
checksum = "4a5d2c9cb18f9cdc6d88f4aca6d3d8ea89c4c8202d6facfc7e56efdee97b80fa"
dependencies = [
 "libmimalloc-sys",
]

[[package]]
name = "wolf_system"
version = "2.1.0"
dependencies = [
 "libc",
 "mimalloc",
]
